
Microsoft Visual Studio Solution File, Format Version 12.00
# Visual Studio Version 17
VisualStudioVersion = 17.6.33829.357
MinimumVisualStudioVersion = 10.0.40219.1
Project("{FAE04EC0-301F-11D3-BF4B-00C04F79EFBC}") = "SignalRApi", "SignalRApi\SignalRApi.csproj", "{209F8AEA-5CD7-4DB2-994E-6EFB81E03ABD}"
EndProject
Project("{FAE04EC0-301F-11D3-BF4B-00C04F79EFBC}") = "RestaurantWebUI", "RestaurantWebUI\RestaurantWebUI.csproj", "{EC253DA5-F815-490B-BA39-0BDEBD6C3285}"
EndProject
Project("{FAE04EC0-301F-11D3-BF4B-00C04F79EFBC}") = "EntityLayerSR", "EntityLayerSR\EntityLayerSR.csproj", "{A928E0AE-2DFD-450D-86A4-4E01A324FB05}"
EndProject
Project("{FAE04EC0-301F-11D3-BF4B-00C04F79EFBC}") = "BusinessLayerSR", "BusinessLayerSR\BusinessLayerSR.csproj", "{9A8E4674-2D47-4350-BE1B-105B97677688}"
EndProject
Project("{FAE04EC0-301F-11D3-BF4B-00C04F79EFBC}") = "DataAccessLayerSR", "DataAccessLayerSR\DataAccessLayerSR.csproj", "{0B1AABFE-74C2-484E-B77E-F9580F59C820}"
EndProject
Project("{FAE04EC0-301F-11D3-BF4B-00C04F79EFBC}") = "DtoLayerSR", "DtoLayerSR\DtoLayerSR.csproj", "{C239025D-6688-4443-9582-308C8C0924D6}"
EndProject
Global
	GlobalSection(SolutionConfigurationPlatforms) = preSolution
		Debug|Any CPU = Debug|Any CPU
		Release|Any CPU = Release|Any CPU
	EndGlobalSection
	GlobalSection(ProjectConfigurationPlatforms) = postSolution
		{209F8AEA-5CD7-4DB2-994E-6EFB81E03ABD}.Debug|Any CPU.ActiveCfg = Debug|Any CPU
		{209F8AEA-5CD7-4DB2-994E-6EFB81E03ABD}.Debug|Any CPU.Build.0 = Debug|Any CPU
		{209F8AEA-5CD7-4DB2-994E-6EFB81E03ABD}.Release|Any CPU.ActiveCfg = Release|Any CPU
		{209F8AEA-5CD7-4DB2-994E-6EFB81E03ABD}.Release|Any CPU.Build.0 = Release|Any CPU
		{EC253DA5-F815-490B-BA39-0BDEBD6C3285}.Debug|Any CPU.ActiveCfg = Debug|Any CPU
		{EC253DA5-F815-490B-BA39-0BDEBD6C3285}.Debug|Any CPU.Build.0 = Debug|Any CPU
		{EC253DA5-F815-490B-BA39-0BDEBD6C3285}.Release|Any CPU.ActiveCfg = Release|Any CPU
		{EC253DA5-F815-490B-BA39-0BDEBD6C3285}.Release|Any CPU.Build.0 = Release|Any CPU
		{A928E0AE-2DFD-450D-86A4-4E01A324FB05}.Debug|Any CPU.ActiveCfg = Debug|Any CPU
		{A928E0AE-2DFD-450D-86A4-4E01A324FB05}.Debug|Any CPU.Build.0 = Debug|Any CPU
		{A928E0AE-2DFD-450D-86A4-4E01A324FB05}.Release|Any CPU.ActiveCfg = Release|Any CPU
		{A928E0AE-2DFD-450D-86A4-4E01A324FB05}.Release|Any CPU.Build.0 = Release|Any CPU
		{9A8E4674-2D47-4350-BE1B-105B97677688}.Debug|Any CPU.ActiveCfg = Debug|Any CPU
		{9A8E4674-2D47-4350-BE1B-105B97677688}.Debug|Any CPU.Build.0 = Debug|Any CPU
		{9A8E4674-2D47-4350-BE1B-105B97677688}.Release|Any CPU.ActiveCfg = Release|Any CPU
		{9A8E4674-2D47-4350-BE1B-105B97677688}.Release|Any CPU.Build.0 = Release|Any CPU
		{0B1AABFE-74C2-484E-B77E-F9580F59C820}.Debug|Any CPU.ActiveCfg = Debug|Any CPU
		{0B1AABFE-74C2-484E-B77E-F9580F59C820}.Debug|Any CPU.Build.0 = Debug|Any CPU
		{0B1AABFE-74C2-484E-B77E-F9580F59C820}.Release|Any CPU.ActiveCfg = Release|Any CPU
		{0B1AABFE-74C2-484E-B77E-F9580F59C820}.Release|Any CPU.Build.0 = Release|Any CPU
		{C239025D-6688-4443-9582-308C8C0924D6}.Debug|Any CPU.ActiveCfg = Debug|Any CPU
		{C239025D-6688-4443-9582-308C8C0924D6}.Debug|Any CPU.Build.0 = Debug|Any CPU
		{C239025D-6688-4443-9582-308C8C0924D6}.Release|Any CPU.ActiveCfg = Release|Any CPU
		{C239025D-6688-4443-9582-308C8C0924D6}.Release|Any CPU.Build.0 = Release|Any CPU
	EndGlobalSection
	GlobalSection(SolutionProperties) = preSolution
		HideSolutionNode = FALSE
	EndGlobalSection
	GlobalSection(ExtensibilityGlobals) = postSolution
		SolutionGuid = {E271D719-C122-490C-BFA0-9CC6F7BF367A}
	EndGlobalSection
EndGlobal
